
Microsoft Visual Studio Solution File, Format Version 12.00
# Visual Studio Version 17
VisualStudioVersion = 17.9.34728.123
MinimumVisualStudioVersion = 10.0.40219.1
Project("{9A19103F-16F7-4668-BE54-9A1E7A4F7556}") = "BookStore.API", "BookStore.API\BookStore.API.csproj", "{9BA55F7E-2A52-4E1E-820D-E920985EB0A9}"
EndProject
Project("{9A19103F-16F7-4668-BE54-9A1E7A4F7556}") = "BookStore.Core", "BookStore.Core\BookStore.Core.csproj", "{62DAA52C-4B4F-498E-993C-E5EA3BEE8C2C}"
EndProject
Project("{9A19103F-16F7-4668-BE54-9A1E7A4F7556}") = "BookStore.DataAccess", "BookStore.DataAccess\BookStore.DataAccess.csproj", "{0928DA05-DF3C-4923-A57C-90AFA5CC4202}"
EndProject
Project("{FAE04EC0-301F-11D3-BF4B-00C04F79EFBC}") = "BookStore.Application", "BookStore.Application\BookStore.Application.csproj", "{16A928B7-1638-43B4-9B03-2421EBE2A81F}"
EndProject
Global
	GlobalSection(SolutionConfigurationPlatforms) = preSolution
		Debug|Any CPU = Debug|Any CPU
		Release|Any CPU = Release|Any CPU
	EndGlobalSection
	GlobalSection(ProjectConfigurationPlatforms) = postSolution
		{9BA55F7E-2A52-4E1E-820D-E920985EB0A9}.Debug|Any CPU.ActiveCfg = Debug|Any CPU
		{9BA55F7E-2A52-4E1E-820D-E920985EB0A9}.Debug|Any CPU.Build.0 = Debug|Any CPU
		{9BA55F7E-2A52-4E1E-820D-E920985EB0A9}.Release|Any CPU.ActiveCfg = Release|Any CPU
		{9BA55F7E-2A52-4E1E-820D-E920985EB0A9}.Release|Any CPU.Build.0 = Release|Any CPU
		{62DAA52C-4B4F-498E-993C-E5EA3BEE8C2C}.Debug|Any CPU.ActiveCfg = Debug|Any CPU
		{62DAA52C-4B4F-498E-993C-E5EA3BEE8C2C}.Debug|Any CPU.Build.0 = Debug|Any CPU
		{62DAA52C-4B4F-498E-993C-E5EA3BEE8C2C}.Release|Any CPU.ActiveCfg = Release|Any CPU
		{62DAA52C-4B4F-498E-993C-E5EA3BEE8C2C}.Release|Any CPU.Build.0 = Release|Any CPU
		{0928DA05-DF3C-4923-A57C-90AFA5CC4202}.Debug|Any CPU.ActiveCfg = Debug|Any CPU
		{0928DA05-DF3C-4923-A57C-90AFA5CC4202}.Debug|Any CPU.Build.0 = Debug|Any CPU
		{0928DA05-DF3C-4923-A57C-90AFA5CC4202}.Release|Any CPU.ActiveCfg = Release|Any CPU
		{0928DA05-DF3C-4923-A57C-90AFA5CC4202}.Release|Any CPU.Build.0 = Release|Any CPU
		{16A928B7-1638-43B4-9B03-2421EBE2A81F}.Debug|Any CPU.ActiveCfg = Debug|Any CPU
		{16A928B7-1638-43B4-9B03-2421EBE2A81F}.Debug|Any CPU.Build.0 = Debug|Any CPU
		{16A928B7-1638-43B4-9B03-2421EBE2A81F}.Release|Any CPU.ActiveCfg = Release|Any CPU
		{16A928B7-1638-43B4-9B03-2421EBE2A81F}.Release|Any CPU.Build.0 = Release|Any CPU
	EndGlobalSection
	GlobalSection(SolutionProperties) = preSolution
		HideSolutionNode = FALSE
	EndGlobalSection
	GlobalSection(ExtensibilityGlobals) = postSolution
		SolutionGuid = {D9701800-C16C-4A62-A4A1-19DAD44F971D}
	EndGlobalSection
EndGlobal
